
Microsoft Visual Studio Solution File, Format Version 12.00
# Visual Studio Version 17
VisualStudioVersion = 17.7.34202.233
MinimumVisualStudioVersion = 10.0.40219.1
Project("{9A19103F-16F7-4668-BE54-9A1E7A4F7556}") = "DinhXuanThanh", "DinhXuanThanh.csproj", "{7E601382-18A4-4F06-8C88-E5A417C91967}"
EndProject
Global
	GlobalSection(SolutionConfigurationPlatforms) = preSolution
		Debug|Any CPU = Debug|Any CPU
		Release|Any CPU = Release|Any CPU
	EndGlobalSection
	GlobalSection(ProjectConfigurationPlatforms) = postSolution
		{7E601382-18A4-4F06-8C88-E5A417C91967}.Debug|Any CPU.ActiveCfg = Debug|Any CPU
		{7E601382-18A4-4F06-8C88-E5A417C91967}.Debug|Any CPU.Build.0 = Debug|Any CPU
		{7E601382-18A4-4F06-8C88-E5A417C91967}.Release|Any CPU.ActiveCfg = Release|Any CPU
		{7E601382-18A4-4F06-8C88-E5A417C91967}.Release|Any CPU.Build.0 = Release|Any CPU
	EndGlobalSection
	GlobalSection(SolutionProperties) = preSolution
		HideSolutionNode = FALSE
	EndGlobalSection
	GlobalSection(ExtensibilityGlobals) = postSolution
		SolutionGuid = {F593D237-5085-46DF-A187-436B0A89C9F2}
	EndGlobalSection
EndGlobal
